<?xml version="1.0" encoding="utf-8"?>
<Project ToolsVersion="4.0" xmlns="http://schemas.microsoft.com/developer/msbuild/2003">
  <ItemGroup>
    <Filter Include="pch">
      <UniqueIdentifier>{93995380-89BD-4b04-88EB-625FBE52EBFB}</UniqueIdentifier>
      <Extensions>h;hh;hpp;hxx;h++;hm;inl;inc;ipp;xsd</Extensions>
    </Filter>
    <Filter Include="Assistance">
      <UniqueIdentifier>{b5e16129-caf8-463f-b652-784790614b3d}</UniqueIdentifier>
    </Filter>
    <Filter Include="Assistance\StringHelper">
      <UniqueIdentifier>{00df8525-64cb-4a1b-863f-8c6addfa8acb}</UniqueIdentifier>
    </Filter>
    <Filter Include="Assistance\DllLoader">
      <UniqueIdentifier>{1f06b9c1-0010-47f2-b32d-6fef68cd5dc9}</UniqueIdentifier>
    </Filter>
    <Filter Include="Assistance\DebugString">
      <UniqueIdentifier>{29ad830c-8acc-47d7-8c30-506f81813899}</UniqueIdentifier>
    </Filter>
    <Filter Include="Assistance\ErrorLogger">
      <UniqueIdentifier>{3f32ac03-98ab-4c79-9ef4-54af0c536f93}</UniqueIdentifier>
    </Filter>
    <Filter Include="Assistance\FileNameReader">
      <UniqueIdentifier>{4a51d1ff-5bcc-4879-b0a7-eeb14e449410}</UniqueIdentifier>
    </Filter>
    <Filter Include="Assistance\Pathfinder">
      <UniqueIdentifier>{2ee6516c-c7f0-4f99-a1eb-47a42374513e}</UniqueIdentifier>
    </Filter>
  </ItemGroup>
  <ItemGroup>
    <ClInclude Include="pch.h">
      <Filter>pch</Filter>
    </ClInclude>
    <ClInclude Include="DebugString.h">
      <Filter>Assistance\DebugString</Filter>
    </ClInclude>
    <ClInclude Include="DllLoader.h">
      <Filter>Assistance\DllLoader</Filter>
    </ClInclude>
    <ClInclude Include="StringHelper.h">
      <Filter>Assistance\StringHelper</Filter>
    </ClInclude>
    <ClInclude Include="ErrorLogger.h">
      <Filter>Assistance\ErrorLogger</Filter>
    </ClInclude>
    <ClInclude Include="COMException.h">
      <Filter>Assistance\ErrorLogger</Filter>
    </ClInclude>
    <ClInclude Include="FileNameReader.h">
      <Filter>Assistance\FileNameReader</Filter>
    </ClInclude>
    <ClInclude Include="PathFinder.h">
      <Filter>Assistance\Pathfinder</Filter>
    </ClInclude>
  </ItemGroup>
  <ItemGroup>
    <ClCompile Include="pch.cpp">
      <Filter>pch</Filter>
    </ClCompile>
    <ClCompile Include="StringHelper.cpp">
      <Filter>Assistance\StringHelper</Filter>
    </ClCompile>
    <ClCompile Include="ErrorLogger.cpp">
      <Filter>Assistance\ErrorLogger</Filter>
    </ClCompile>
    <ClCompile Include="COMException.cpp">
      <Filter>Assistance\ErrorLogger</Filter>
    </ClCompile>
    <ClCompile Include="FileNameReader.cpp">
      <Filter>Assistance\FileNameReader</Filter>
    </ClCompile>
    <ClCompile Include="PathFinder.cpp">
      <Filter>Assistance\Pathfinder</Filter>
    </ClCompile>
  </ItemGroup>
</Project>