<?xml version="1.0" encoding="utf-8"?>
<Project ToolsVersion="4.0" xmlns="http://schemas.microsoft.com/developer/msbuild/2003">
  <ItemGroup>
    <Filter Include="pch">
      <UniqueIdentifier>{93995380-89BD-4b04-88EB-625FBE52EBFB}</UniqueIdentifier>
      <Extensions>h;hh;hpp;hxx;h++;hm;inl;inc;ipp;xsd</Extensions>
    </Filter>
    <Filter Include="DebugString">
      <UniqueIdentifier>{29ad830c-8acc-47d7-8c30-506f81813899}</UniqueIdentifier>
    </Filter>
    <Filter Include="DllLoader">
      <UniqueIdentifier>{1f06b9c1-0010-47f2-b32d-6fef68cd5dc9}</UniqueIdentifier>
    </Filter>
    <Filter Include="StringHelper">
      <UniqueIdentifier>{00df8525-64cb-4a1b-863f-8c6addfa8acb}</UniqueIdentifier>
    </Filter>
  </ItemGroup>
  <ItemGroup>
    <ClInclude Include="pch.h">
      <Filter>pch</Filter>
    </ClInclude>
    <ClInclude Include="DebugString.h">
      <Filter>DebugString</Filter>
    </ClInclude>
    <ClInclude Include="DllLoader.h">
      <Filter>DllLoader</Filter>
    </ClInclude>
    <ClInclude Include="StringHelper.h">
      <Filter>StringHelper</Filter>
    </ClInclude>
  </ItemGroup>
  <ItemGroup>
    <ClCompile Include="pch.cpp">
      <Filter>pch</Filter>
    </ClCompile>
    <ClCompile Include="StringHelper.cpp">
      <Filter>StringHelper</Filter>
    </ClCompile>
  </ItemGroup>
</Project>