<?xml version="1.0" encoding="utf-8"?>
<Project ToolsVersion="4.0" xmlns="http://schemas.microsoft.com/developer/msbuild/2003">
  <ItemGroup>
    <Filter Include="main">
      <UniqueIdentifier>{4FC737F1-C7A5-4376-A066-2A32D752A2FF}</UniqueIdentifier>
      <Extensions>cpp;c;cc;cxx;c++;cppm;ixx;def;odl;idl;hpj;bat;asm;asmx</Extensions>
    </Filter>
    <Filter Include="FBXParser">
      <UniqueIdentifier>{ebfea1cc-8bea-4b92-a4b5-04ae9f84fb0f}</UniqueIdentifier>
    </Filter>
  </ItemGroup>
  <ItemGroup>
    <ClCompile Include="main.cpp">
      <Filter>main</Filter>
    </ClCompile>
    <ClCompile Include="BoneWeights.cpp">
      <Filter>FBXParser</Filter>
    </ClCompile>
    <ClCompile Include="FBXParser.cpp">
      <Filter>FBXParser</Filter>
    </ClCompile>
    <ClCompile Include="ParsingData.cpp">
      <Filter>FBXParser</Filter>
    </ClCompile>
  </ItemGroup>
  <ItemGroup>
    <ClInclude Include="AnimationData.h">
      <Filter>FBXParser</Filter>
    </ClInclude>
    <ClInclude Include="BoneWeights.h">
      <Filter>FBXParser</Filter>
    </ClInclude>
    <ClInclude Include="FBXParser.h">
      <Filter>FBXParser</Filter>
    </ClInclude>
    <ClInclude Include="FBXParserLibraryDefine.h">
      <Filter>FBXParser</Filter>
    </ClInclude>
    <ClInclude Include="ParsingData.h">
      <Filter>FBXParser</Filter>
    </ClInclude>
  </ItemGroup>
</Project>