<?xml version="1.0" encoding="utf-8"?>
<Project ToolsVersion="4.0" xmlns="http://schemas.microsoft.com/developer/msbuild/2003">
  <ItemGroup>
    <Filter Include="main">
      <UniqueIdentifier>{4FC737F1-C7A5-4376-A066-2A32D752A2FF}</UniqueIdentifier>
      <Extensions>cpp;c;cc;cxx;c++;cppm;ixx;def;odl;idl;hpj;bat;asm;asmx</Extensions>
    </Filter>
    <Filter Include="FBXParser">
      <UniqueIdentifier>{ebfea1cc-8bea-4b92-a4b5-04ae9f84fb0f}</UniqueIdentifier>
    </Filter>
    <Filter Include="pch">
      <UniqueIdentifier>{c243afee-ed34-48f9-ab92-8069c1dcdc90}</UniqueIdentifier>
    </Filter>
    <Filter Include="Define">
      <UniqueIdentifier>{2b8dc388-7259-4cc1-a1f8-a3a34a327eb7}</UniqueIdentifier>
    </Filter>
    <Filter Include="FBXParser\DataStruct">
      <UniqueIdentifier>{94fdff7d-b8c8-49a5-92cd-afa1ba86a281}</UniqueIdentifier>
    </Filter>
    <Filter Include="Serializer">
      <UniqueIdentifier>{f1b17435-144c-4c0c-a380-92783c5a1f6b}</UniqueIdentifier>
    </Filter>
    <Filter Include="Serializer\ModelSerializer">
      <UniqueIdentifier>{70b1cb2e-d813-4311-ae05-e4b9144b8136}</UniqueIdentifier>
    </Filter>
  </ItemGroup>
  <ItemGroup>
    <ClCompile Include="main.cpp">
      <Filter>main</Filter>
    </ClCompile>
    <ClCompile Include="FBXParser.cpp">
      <Filter>FBXParser</Filter>
    </ClCompile>
    <ClCompile Include="pch.cpp">
      <Filter>pch</Filter>
    </ClCompile>
    <ClCompile Include="BoneWeights.cpp">
      <Filter>FBXParser\DataStruct</Filter>
    </ClCompile>
    <ClCompile Include="ParsingData.cpp">
      <Filter>FBXParser\DataStruct</Filter>
    </ClCompile>
    <ClCompile Include="FBXModelSerializer.cpp">
      <Filter>Serializer\ModelSerializer</Filter>
    </ClCompile>
  </ItemGroup>
  <ItemGroup>
    <ClInclude Include="FBXParser.h">
      <Filter>FBXParser</Filter>
    </ClInclude>
    <ClInclude Include="pch.h">
      <Filter>pch</Filter>
    </ClInclude>
    <ClInclude Include="FBXParserLibraryDefine.h">
      <Filter>Define</Filter>
    </ClInclude>
    <ClInclude Include="AnimationData.h">
      <Filter>FBXParser\DataStruct</Filter>
    </ClInclude>
    <ClInclude Include="BoneWeights.h">
      <Filter>FBXParser\DataStruct</Filter>
    </ClInclude>
    <ClInclude Include="ParsingData.h">
      <Filter>FBXParser\DataStruct</Filter>
    </ClInclude>
    <ClInclude Include="BinaryFileLayout.h">
      <Filter>Serializer</Filter>
    </ClInclude>
    <ClInclude Include="OptMath.h">
      <Filter>Serializer</Filter>
    </ClInclude>
    <ClInclude Include="FBXModelSerializer.h">
      <Filter>Serializer\ModelSerializer</Filter>
    </ClInclude>
  </ItemGroup>
</Project>