<?xml version="1.0" encoding="utf-8"?>
<Project ToolsVersion="4.0" xmlns="http://schemas.microsoft.com/developer/msbuild/2003">
  <ItemGroup>
    <Filter Include="pch">
      <UniqueIdentifier>{93995380-89BD-4b04-88EB-625FBE52EBFB}</UniqueIdentifier>
      <Extensions>h;hh;hpp;hxx;h++;hm;inl;inc;ipp;xsd</Extensions>
    </Filter>
    <Filter Include="Interfaces">
      <UniqueIdentifier>{5784274f-528a-4e5c-a7ec-fa41aacf9790}</UniqueIdentifier>
    </Filter>
    <Filter Include="EngineBB">
      <UniqueIdentifier>{2fbc47d4-2902-4cef-a9a7-24ec5c27abbc}</UniqueIdentifier>
    </Filter>
    <Filter Include="EngineBB\TImer">
      <UniqueIdentifier>{5dd4996f-7700-4ba0-b50e-3412aae3e4ab}</UniqueIdentifier>
    </Filter>
    <Filter Include="EngineBB\Transform">
      <UniqueIdentifier>{8d672341-5222-40d1-8569-c999b44a0473}</UniqueIdentifier>
    </Filter>
    <Filter Include="EngineBB\GameObject">
      <UniqueIdentifier>{46e05460-be2f-4f19-a5e6-d8ae643c19c0}</UniqueIdentifier>
    </Filter>
    <Filter Include="EngineBB\Camera">
      <UniqueIdentifier>{00b567dd-1490-48bb-b08b-dc5faee6f45d}</UniqueIdentifier>
    </Filter>
    <Filter Include="EngineBB\Input">
      <UniqueIdentifier>{c8e2f740-bc7e-4a4b-9717-67bc75c13a5c}</UniqueIdentifier>
    </Filter>
    <Filter Include="EngineBB\Input\Mouse">
      <UniqueIdentifier>{2dce881f-5a3e-4807-b22f-6ea44574929e}</UniqueIdentifier>
    </Filter>
    <Filter Include="EngineBB\Input\Keyboard">
      <UniqueIdentifier>{4369753a-180d-4251-9b7a-3cf19e0e9cbf}</UniqueIdentifier>
    </Filter>
    <Filter Include="Imgui">
      <UniqueIdentifier>{44f5d23f-527c-41ac-b7f5-6411da616b59}</UniqueIdentifier>
    </Filter>
    <Filter Include="Singleton">
      <UniqueIdentifier>{b7c40b38-b602-428c-9f8a-42eefd372ccb}</UniqueIdentifier>
    </Filter>
    <Filter Include="Enum">
      <UniqueIdentifier>{7c355f7c-6c71-4e7e-9ca5-c52f8548f69c}</UniqueIdentifier>
    </Filter>
    <Filter Include="Define">
      <UniqueIdentifier>{5e645c46-168d-4f9d-afea-bad859e5d203}</UniqueIdentifier>
    </Filter>
    <Filter Include="EngineBB\Component">
      <UniqueIdentifier>{31ae726b-1a4e-4e12-acf6-4544f00bb1c0}</UniqueIdentifier>
    </Filter>
    <Filter Include="EngineBB\Scene">
      <UniqueIdentifier>{0045e0c2-744d-4dac-bf4b-c1e24800b2af}</UniqueIdentifier>
    </Filter>
  </ItemGroup>
  <ItemGroup>
    <ClInclude Include="pch.h">
      <Filter>pch</Filter>
    </ClInclude>
    <ClInclude Include="Keyboard.h">
      <Filter>EngineBB\Input\Keyboard</Filter>
    </ClInclude>
    <ClInclude Include="Mouse.h">
      <Filter>EngineBB\Input\Mouse</Filter>
    </ClInclude>
    <ClInclude Include="Timer.h">
      <Filter>EngineBB\TImer</Filter>
    </ClInclude>
    <ClInclude Include="EngineBBLibraryDefine.h">
      <Filter>Define</Filter>
    </ClInclude>
    <ClInclude Include="EngineBBDefine.h">
      <Filter>Define</Filter>
    </ClInclude>
    <ClInclude Include="EngineBBDllDefine.h">
      <Filter>Define</Filter>
    </ClInclude>
    <ClInclude Include="Transform.h">
      <Filter>EngineBB\Transform</Filter>
    </ClInclude>
    <ClInclude Include="GameObject.h">
      <Filter>EngineBB\GameObject</Filter>
    </ClInclude>
    <ClInclude Include="Interface_EngineBB.h">
      <Filter>Interfaces</Filter>
    </ClInclude>
    <ClInclude Include="EngineBB.h">
      <Filter>EngineBB</Filter>
    </ClInclude>
    <ClInclude Include="Imgui\imconfig.h">
      <Filter>Imgui</Filter>
    </ClInclude>
    <ClInclude Include="Imgui\imgui.h">
      <Filter>Imgui</Filter>
    </ClInclude>
    <ClInclude Include="Imgui\imgui_impl_dx11.h">
      <Filter>Imgui</Filter>
    </ClInclude>
    <ClInclude Include="Imgui\imgui_impl_win32.h">
      <Filter>Imgui</Filter>
    </ClInclude>
    <ClInclude Include="Imgui\imgui_internal.h">
      <Filter>Imgui</Filter>
    </ClInclude>
    <ClInclude Include="Imgui\imstb_rectpack.h">
      <Filter>Imgui</Filter>
    </ClInclude>
    <ClInclude Include="Imgui\imstb_textedit.h">
      <Filter>Imgui</Filter>
    </ClInclude>
    <ClInclude Include="Imgui\imstb_truetype.h">
      <Filter>Imgui</Filter>
    </ClInclude>
    <ClInclude Include="Singleton.h">
      <Filter>Singleton</Filter>
    </ClInclude>
    <ClInclude Include="Enum_EngineBB.h">
      <Filter>Enum</Filter>
    </ClInclude>
    <ClInclude Include="Input.h">
      <Filter>EngineBB\Input</Filter>
    </ClInclude>
    <ClInclude Include="Component.h">
      <Filter>EngineBB\Component</Filter>
    </ClInclude>
    <ClInclude Include="ComponentSystem.h">
      <Filter>EngineBB\Component</Filter>
    </ClInclude>
    <ClInclude Include="Scene.h">
      <Filter>EngineBB\Scene</Filter>
    </ClInclude>
  </ItemGroup>
  <ItemGroup>
    <ClCompile Include="pch.cpp">
      <Filter>pch</Filter>
    </ClCompile>
    <ClCompile Include="Keyboard.cpp">
      <Filter>EngineBB\Input\Keyboard</Filter>
    </ClCompile>
    <ClCompile Include="Mouse.cpp">
      <Filter>EngineBB\Input\Mouse</Filter>
    </ClCompile>
    <ClCompile Include="Timer.cpp">
      <Filter>EngineBB\TImer</Filter>
    </ClCompile>
    <ClCompile Include="dllmain.cpp" />
    <ClCompile Include="Transform.cpp">
      <Filter>EngineBB\Transform</Filter>
    </ClCompile>
    <ClCompile Include="GameObject.cpp">
      <Filter>EngineBB\GameObject</Filter>
    </ClCompile>
    <ClCompile Include="EngineBB.cpp">
      <Filter>EngineBB</Filter>
    </ClCompile>
    <ClCompile Include="Imgui\imgui.cpp">
      <Filter>Imgui</Filter>
    </ClCompile>
    <ClCompile Include="Imgui\imgui_draw.cpp">
      <Filter>Imgui</Filter>
    </ClCompile>
    <ClCompile Include="Imgui\imgui_impl_dx11.cpp">
      <Filter>Imgui</Filter>
    </ClCompile>
    <ClCompile Include="Imgui\imgui_impl_win32.cpp">
      <Filter>Imgui</Filter>
    </ClCompile>
    <ClCompile Include="Imgui\imgui_tables.cpp">
      <Filter>Imgui</Filter>
    </ClCompile>
    <ClCompile Include="Imgui\imgui_widgets.cpp">
      <Filter>Imgui</Filter>
    </ClCompile>
    <ClCompile Include="Input.cpp">
      <Filter>EngineBB\Input</Filter>
    </ClCompile>
    <ClCompile Include="Component.cpp">
      <Filter>EngineBB\Component</Filter>
    </ClCompile>
    <ClCompile Include="ComponentSystem.cpp">
      <Filter>EngineBB\Component</Filter>
    </ClCompile>
    <ClCompile Include="Scene.cpp">
      <Filter>EngineBB\Scene</Filter>
    </ClCompile>
  </ItemGroup>
</Project>